
Microsoft Visual Studio Solution File, Format Version 12.00
# Visual Studio Version 16
VisualStudioVersion = 16.0.30309.148
MinimumVisualStudioVersion = 10.0.40219.1
Project("{9A19103F-16F7-4668-BE54-9A1E7A4F7556}") = "DotnetCms.Admin", "DotnetCms.Admin\DotnetCms.Admin.csproj", "{2BED299C-8BE7-42F4-90CA-6973F8545829}"
EndProject
Project("{2150E333-8FDC-42A3-9474-1A3956D46DE8}") = "4.Entity", "4.Entity", "{3D9B723B-DB6D-4BC6-B2E4-C983EA354A3F}"
EndProject
Project("{2150E333-8FDC-42A3-9474-1A3956D46DE8}") = "1.UI", "1.UI", "{95080DC8-64F2-4E8D-A457-913FBDED6F5E}"
EndProject
Project("{9A19103F-16F7-4668-BE54-9A1E7A4F7556}") = "DotnetCms.ViewModels", "DotnetCms.ViewModels\DotnetCms.ViewModels.csproj", "{2E894C94-E6E8-49FF-AE41-EE8ECDDE664A}"
EndProject
Project("{FAE04EC0-301F-11D3-BF4B-00C04F79EFBC}") = "DotnetCms.Site", "DotnetCms.Site\DotnetCms.Site.csproj", "{2E42D1A9-4316-46DB-922A-1AA589E237A1}"
EndProject
Project("{2150E333-8FDC-42A3-9474-1A3956D46DE8}") = "5.Infrastructure", "5.Infrastructure", "{8576FB9C-8FAA-4112-8157-F81ED7D92A30}"
EndProject
Project("{FAE04EC0-301F-11D3-BF4B-00C04F79EFBC}") = "DotnetCms.Core", "DotnetCms.Core\DotnetCms.Core.csproj", "{C356081C-BC84-454B-9065-B0EB1C5A5EB9}"
EndProject
Project("{2150E333-8FDC-42A3-9474-1A3956D46DE8}") = "2.Application", "2.Application", "{D1D927C8-A2D8-4488-AD08-31C58FE26D32}"
EndProject
Project("{FAE04EC0-301F-11D3-BF4B-00C04F79EFBC}") = "DotnetCms.Services", "DotnetCms.Services\DotnetCms.Services.csproj", "{57ADEB46-2F76-4860-B12D-E72D5E0E8B48}"
EndProject
Project("{FAE04EC0-301F-11D3-BF4B-00C04F79EFBC}") = "DotnetCms.Models", "DotnetCms.Models\DotnetCms.Models.csproj", "{9FE5A9FB-5487-423B-B4CE-B191D12B4536}"
EndProject
Project("{2150E333-8FDC-42A3-9474-1A3956D46DE8}") = "3.Repository", "3.Repository", "{FB65D4FE-15D6-4842-B626-23A99065B83F}"
EndProject
Project("{FAE04EC0-301F-11D3-BF4B-00C04F79EFBC}") = "DotnetCms.IRepository", "DotnetCms.IRepository\DotnetCms.IRepository.csproj", "{49D3DEB6-C183-4FAC-9998-E6F54FE02A98}"
EndProject
Project("{FAE04EC0-301F-11D3-BF4B-00C04F79EFBC}") = "DotnetCms.Repository.SqlServer", "DotnetCms.Repository.SqlServer\DotnetCms.Repository.SqlServer.csproj", "{30B8FE03-7686-4E50-A047-9271D9E1C2CA}"
EndProject
Project("{2150E333-8FDC-42A3-9474-1A3956D46DE8}") = "6.Test", "6.Test", "{0730EA7C-D725-4EF1-AF74-DF41581CBC40}"
EndProject
Project("{FAE04EC0-301F-11D3-BF4B-00C04F79EFBC}") = "DotnetCms.Test", "DotnetCms.Test\DotnetCms.Test.csproj", "{7D232BCE-A2A6-4D45-A4B9-6499F7A55246}"
EndProject
Project("{FAE04EC0-301F-11D3-BF4B-00C04F79EFBC}") = "DotnetCms.IServices", "DotnetCms.IServices\DotnetCms.IServices.csproj", "{6FD72859-62A3-4156-963D-E93E0BFEF6C8}"
EndProject
Global
	GlobalSection(SolutionConfigurationPlatforms) = preSolution
		Debug|Any CPU = Debug|Any CPU
		Release|Any CPU = Release|Any CPU
	EndGlobalSection
	GlobalSection(ProjectConfigurationPlatforms) = postSolution
		{2BED299C-8BE7-42F4-90CA-6973F8545829}.Debug|Any CPU.ActiveCfg = Debug|Any CPU
		{2BED299C-8BE7-42F4-90CA-6973F8545829}.Debug|Any CPU.Build.0 = Debug|Any CPU
		{2BED299C-8BE7-42F4-90CA-6973F8545829}.Release|Any CPU.ActiveCfg = Release|Any CPU
		{2BED299C-8BE7-42F4-90CA-6973F8545829}.Release|Any CPU.Build.0 = Release|Any CPU
		{2E894C94-E6E8-49FF-AE41-EE8ECDDE664A}.Debug|Any CPU.ActiveCfg = Debug|Any CPU
		{2E894C94-E6E8-49FF-AE41-EE8ECDDE664A}.Debug|Any CPU.Build.0 = Debug|Any CPU
		{2E894C94-E6E8-49FF-AE41-EE8ECDDE664A}.Release|Any CPU.ActiveCfg = Release|Any CPU
		{2E894C94-E6E8-49FF-AE41-EE8ECDDE664A}.Release|Any CPU.Build.0 = Release|Any CPU
		{2E42D1A9-4316-46DB-922A-1AA589E237A1}.Debug|Any CPU.ActiveCfg = Debug|Any CPU
		{2E42D1A9-4316-46DB-922A-1AA589E237A1}.Debug|Any CPU.Build.0 = Debug|Any CPU
		{2E42D1A9-4316-46DB-922A-1AA589E237A1}.Release|Any CPU.ActiveCfg = Release|Any CPU
		{2E42D1A9-4316-46DB-922A-1AA589E237A1}.Release|Any CPU.Build.0 = Release|Any CPU
		{C356081C-BC84-454B-9065-B0EB1C5A5EB9}.Debug|Any CPU.ActiveCfg = Debug|Any CPU
		{C356081C-BC84-454B-9065-B0EB1C5A5EB9}.Debug|Any CPU.Build.0 = Debug|Any CPU
		{C356081C-BC84-454B-9065-B0EB1C5A5EB9}.Release|Any CPU.ActiveCfg = Release|Any CPU
		{C356081C-BC84-454B-9065-B0EB1C5A5EB9}.Release|Any CPU.Build.0 = Release|Any CPU
		{57ADEB46-2F76-4860-B12D-E72D5E0E8B48}.Debug|Any CPU.ActiveCfg = Debug|Any CPU
		{57ADEB46-2F76-4860-B12D-E72D5E0E8B48}.Debug|Any CPU.Build.0 = Debug|Any CPU
		{57ADEB46-2F76-4860-B12D-E72D5E0E8B48}.Release|Any CPU.ActiveCfg = Release|Any CPU
		{57ADEB46-2F76-4860-B12D-E72D5E0E8B48}.Release|Any CPU.Build.0 = Release|Any CPU
		{9FE5A9FB-5487-423B-B4CE-B191D12B4536}.Debug|Any CPU.ActiveCfg = Debug|Any CPU
		{9FE5A9FB-5487-423B-B4CE-B191D12B4536}.Debug|Any CPU.Build.0 = Debug|Any CPU
		{9FE5A9FB-5487-423B-B4CE-B191D12B4536}.Release|Any CPU.ActiveCfg = Release|Any CPU
		{9FE5A9FB-5487-423B-B4CE-B191D12B4536}.Release|Any CPU.Build.0 = Release|Any CPU
		{49D3DEB6-C183-4FAC-9998-E6F54FE02A98}.Debug|Any CPU.ActiveCfg = Debug|Any CPU
		{49D3DEB6-C183-4FAC-9998-E6F54FE02A98}.Debug|Any CPU.Build.0 = Debug|Any CPU
		{49D3DEB6-C183-4FAC-9998-E6F54FE02A98}.Release|Any CPU.ActiveCfg = Release|Any CPU
		{49D3DEB6-C183-4FAC-9998-E6F54FE02A98}.Release|Any CPU.Build.0 = Release|Any CPU
		{30B8FE03-7686-4E50-A047-9271D9E1C2CA}.Debug|Any CPU.ActiveCfg = Debug|Any CPU
		{30B8FE03-7686-4E50-A047-9271D9E1C2CA}.Debug|Any CPU.Build.0 = Debug|Any CPU
		{30B8FE03-7686-4E50-A047-9271D9E1C2CA}.Release|Any CPU.ActiveCfg = Release|Any CPU
		{30B8FE03-7686-4E50-A047-9271D9E1C2CA}.Release|Any CPU.Build.0 = Release|Any CPU
		{7D232BCE-A2A6-4D45-A4B9-6499F7A55246}.Debug|Any CPU.ActiveCfg = Debug|Any CPU
		{7D232BCE-A2A6-4D45-A4B9-6499F7A55246}.Debug|Any CPU.Build.0 = Debug|Any CPU
		{7D232BCE-A2A6-4D45-A4B9-6499F7A55246}.Release|Any CPU.ActiveCfg = Release|Any CPU
		{7D232BCE-A2A6-4D45-A4B9-6499F7A55246}.Release|Any CPU.Build.0 = Release|Any CPU
		{6FD72859-62A3-4156-963D-E93E0BFEF6C8}.Debug|Any CPU.ActiveCfg = Debug|Any CPU
		{6FD72859-62A3-4156-963D-E93E0BFEF6C8}.Debug|Any CPU.Build.0 = Debug|Any CPU
		{6FD72859-62A3-4156-963D-E93E0BFEF6C8}.Release|Any CPU.ActiveCfg = Release|Any CPU
		{6FD72859-62A3-4156-963D-E93E0BFEF6C8}.Release|Any CPU.Build.0 = Release|Any CPU
	EndGlobalSection
	GlobalSection(SolutionProperties) = preSolution
		HideSolutionNode = FALSE
	EndGlobalSection
	GlobalSection(NestedProjects) = preSolution
		{2BED299C-8BE7-42F4-90CA-6973F8545829} = {95080DC8-64F2-4E8D-A457-913FBDED6F5E}
		{2E894C94-E6E8-49FF-AE41-EE8ECDDE664A} = {3D9B723B-DB6D-4BC6-B2E4-C983EA354A3F}
		{2E42D1A9-4316-46DB-922A-1AA589E237A1} = {95080DC8-64F2-4E8D-A457-913FBDED6F5E}
		{C356081C-BC84-454B-9065-B0EB1C5A5EB9} = {8576FB9C-8FAA-4112-8157-F81ED7D92A30}
		{57ADEB46-2F76-4860-B12D-E72D5E0E8B48} = {D1D927C8-A2D8-4488-AD08-31C58FE26D32}
		{9FE5A9FB-5487-423B-B4CE-B191D12B4536} = {3D9B723B-DB6D-4BC6-B2E4-C983EA354A3F}
		{49D3DEB6-C183-4FAC-9998-E6F54FE02A98} = {FB65D4FE-15D6-4842-B626-23A99065B83F}
		{30B8FE03-7686-4E50-A047-9271D9E1C2CA} = {FB65D4FE-15D6-4842-B626-23A99065B83F}
		{7D232BCE-A2A6-4D45-A4B9-6499F7A55246} = {0730EA7C-D725-4EF1-AF74-DF41581CBC40}
		{6FD72859-62A3-4156-963D-E93E0BFEF6C8} = {D1D927C8-A2D8-4488-AD08-31C58FE26D32}
	EndGlobalSection
	GlobalSection(ExtensibilityGlobals) = postSolution
		SolutionGuid = {290611AB-004C-4AF6-AC69-3DC286A70E4C}
	EndGlobalSection
EndGlobal
